
Microsoft Visual Studio Solution File, Format Version 12.00
# Visual Studio Version 17
VisualStudioVersion = 17.0.31903.59
MinimumVisualStudioVersion = 10.0.40219.1
Project("{FAE04EC0-301F-11D3-BF4B-00C04F79EFBC}") = "authen-app", "AuthenApp.WebApi\authen-app.csproj", "{34AEDE52-CDD9-4B23-9D10-4E88B1BB9B3C}"
EndProject
Global
	GlobalSection(SolutionConfigurationPlatforms) = preSolution
		Debug|Any CPU = Debug|Any CPU
		Release|Any CPU = Release|Any CPU
	EndGlobalSection
	GlobalSection(SolutionProperties) = preSolution
		HideSolutionNode = FALSE
	EndGlobalSection
	GlobalSection(ProjectConfigurationPlatforms) = postSolution
		{34AEDE52-CDD9-4B23-9D10-4E88B1BB9B3C}.Debug|Any CPU.ActiveCfg = Debug|Any CPU
		{34AEDE52-CDD9-4B23-9D10-4E88B1BB9B3C}.Debug|Any CPU.Build.0 = Debug|Any CPU
		{34AEDE52-CDD9-4B23-9D10-4E88B1BB9B3C}.Release|Any CPU.ActiveCfg = Release|Any CPU
		{34AEDE52-CDD9-4B23-9D10-4E88B1BB9B3C}.Release|Any CPU.Build.0 = Release|Any CPU
	EndGlobalSection
EndGlobal
